{
  "name": "kg-suite-incident-card-merger",
  "version": "0.1.0",
  "lockfileVersion": 3,
  "requires": true,
  "packages": {
    "": {
      "name": "kg-suite-incident-card-merger",
      "version": "0.1.0",
      "license": "MIT",
      "bin": {
        "kg-suite-incident-merge": "src/cli.mjs"
      }
    }
  }
}
